
Microsoft Visual Studio Solution File, Format Version 12.00
# Visual Studio Version 16
VisualStudioVersion = 16.0.29215.179
MinimumVisualStudioVersion = 10.0.40219.1
Project("{8BC9CEB8-8B4A-11D0-8D11-00A0C91BC942}") = "NRG engine", "NRG engine\NRG engine.vcxproj", "{F4BE5924-5005-4948-A34F-2E6E317D58D1}"
EndProject
Global
	GlobalSection(SolutionConfigurationPlatforms) = preSolution
		Debug|x64 = Debug|x64
		Debug|x86 = Debug|x86
		Release|x64 = Release|x64
		Release|x86 = Release|x86
	EndGlobalSection
	GlobalSection(ProjectConfigurationPlatforms) = postSolution
		{F4BE5924-5005-4948-A34F-2E6E317D58D1}.Debug|x64.ActiveCfg = Debug|x64
		{F4BE5924-5005-4948-A34F-2E6E317D58D1}.Debug|x64.Build.0 = Debug|x64
		{F4BE5924-5005-4948-A34F-2E6E317D58D1}.Debug|x86.ActiveCfg = Debug|Win32
		{F4BE5924-5005-4948-A34F-2E6E317D58D1}.Debug|x86.Build.0 = Debug|Win32
		{F4BE5924-5005-4948-A34F-2E6E317D58D1}.Release|x64.ActiveCfg = Release|x64
		{F4BE5924-5005-4948-A34F-2E6E317D58D1}.Release|x64.Build.0 = Release|x64
		{F4BE5924-5005-4948-A34F-2E6E317D58D1}.Release|x86.ActiveCfg = Release|Win32
		{F4BE5924-5005-4948-A34F-2E6E317D58D1}.Release|x86.Build.0 = Release|Win32
	EndGlobalSection
	GlobalSection(SolutionProperties) = preSolution
		HideSolutionNode = FALSE
	EndGlobalSection
	GlobalSection(ExtensibilityGlobals) = postSolution
		SolutionGuid = {53586D51-07F2-495A-AFC3-C4ACBAE1AA09}
	EndGlobalSection
EndGlobal
