<?xml version="1.0" encoding="utf-8"?>
<Project ToolsVersion="4.0" xmlns="http://schemas.microsoft.com/developer/msbuild/2003">
  <ItemGroup>
    <Filter Include="Event system">
      <UniqueIdentifier>{df1e209f-7a39-4178-85e2-6eba95fe0122}</UniqueIdentifier>
    </Filter>
    <Filter Include="Core">
      <UniqueIdentifier>{43688338-440d-4bba-a88a-344cbae9cb7a}</UniqueIdentifier>
    </Filter>
    <Filter Include="event">
      <UniqueIdentifier>{706693e6-c117-4ce8-a500-66b77679518d}</UniqueIdentifier>
    </Filter>
  </ItemGroup>
  <ItemGroup>
    <ClInclude Include="Event system\MouseEvents.h">
      <Filter>Event system</Filter>
    </ClInclude>
    <ClInclude Include="Event system\KeyboardEvents.h">
      <Filter>Event system</Filter>
    </ClInclude>
    <ClInclude Include="Event system\Event.h">
      <Filter>Event system</Filter>
    </ClInclude>
    <ClInclude Include="Event system\ApplicationEvents.h">
      <Filter>Event system</Filter>
    </ClInclude>
    <ClInclude Include="event.h">
      <Filter>event</Filter>
    </ClInclude>
    <ClInclude Include="WindowEvent.h">
      <Filter>event</Filter>
    </ClInclude>
  </ItemGroup>
  <ItemGroup>
    <ClCompile Include="Core\NRGmain.cpp">
      <Filter>Core</Filter>
    </ClCompile>
    <ClCompile Include="Core\Window.h">
      <Filter>Core</Filter>
    </ClCompile>
    <ClCompile Include="key.h">
      <Filter>event</Filter>
    </ClCompile>
    <ClCompile Include="MouseEvent.h">
      <Filter>event</Filter>
    </ClCompile>
    <ClCompile Include="KeyEvent.h">
      <Filter>event</Filter>
    </ClCompile>
  </ItemGroup>
</Project>