<?xml version="1.0" encoding="utf-8"?>
<Project ToolsVersion="4.0" xmlns="http://schemas.microsoft.com/developer/msbuild/2003">
  <ItemGroup>
    <ClInclude Include="src\Event system\event.h">
      <Filter>Event system</Filter>
    </ClInclude>
    <ClInclude Include="src\Event system\key.h">
      <Filter>Event system</Filter>
    </ClInclude>
    <ClInclude Include="src\Event system\KeyEvent.h">
      <Filter>Event system</Filter>
    </ClInclude>
    <ClInclude Include="src\Event system\MouseEvent.h">
      <Filter>Event system</Filter>
    </ClInclude>
    <ClInclude Include="src\Event system\WindowEvent.h">
      <Filter>Event system</Filter>
    </ClInclude>
    <ClInclude Include="vendor\imgui\examples\imgui_impl_glfw.h" />
    <ClInclude Include="vendor\imgui\examples\imgui_impl_opengl3.h" />
    <ClInclude Include="vendor\imgui\imconfig.h" />
    <ClInclude Include="vendor\imgui\imgui.h" />
    <ClInclude Include="vendor\imgui\imgui_internal.h" />
    <ClInclude Include="vendor\imgui\imstb_rectpack.h" />
    <ClInclude Include="vendor\imgui\imstb_textedit.h" />
    <ClInclude Include="vendor\imgui\imstb_truetype.h" />
    <ClInclude Include="src\imgui\imguiImpl.h" />
    <ClInclude Include="src\Core\window\window.h" />
  </ItemGroup>
  <ItemGroup>
    <Filter Include="Core">
      <UniqueIdentifier>{f89c32d0-1936-46ad-aa95-c994cbce50f3}</UniqueIdentifier>
    </Filter>
    <Filter Include="Event system">
      <UniqueIdentifier>{ef0fd149-0433-4098-bf95-a65431a0266e}</UniqueIdentifier>
    </Filter>
    <Filter Include="imgui">
      <UniqueIdentifier>{d5bb41ad-937f-4356-9956-6b98f27cc923}</UniqueIdentifier>
    </Filter>
  </ItemGroup>
  <ItemGroup>
    <ClCompile Include="src\Core\NRGmain.cpp">
      <Filter>Core</Filter>
    </ClCompile>
    <ClCompile Include="vendor\imgui\examples\imgui_impl_glfw.cpp" />
    <ClCompile Include="vendor\imgui\examples\imgui_impl_opengl3.cpp" />
    <ClCompile Include="vendor\imgui\imgui.cpp" />
    <ClCompile Include="vendor\imgui\imgui_demo.cpp" />
    <ClCompile Include="vendor\imgui\imgui_draw.cpp" />
    <ClCompile Include="vendor\imgui\imgui_widgets.cpp" />
    <ClCompile Include="src\imgui\imguiImpl.cpp" />
    <ClCompile Include="src\Core\window\window.cpp" />
  </ItemGroup>
</Project>